
Microsoft Visual Studio Solution File, Format Version 12.00
# Visual Studio Version 16
VisualStudioVersion = 16.0.28803.452
MinimumVisualStudioVersion = 10.0.40219.1
Project("{D954291E-2A0B-460D-934E-DC6B0785DB48}") = "TodoApp.Shared", "TodoApp\TodoApp.Shared\TodoApp.Shared.shproj", "{6279C845-92F8-4333-AB99-3D213163593C}"
EndProject
Project("{FAE04EC0-301F-11D3-BF4B-00C04F79EFBC}") = "TodoApp.Droid", "TodoApp\TodoApp.Droid\TodoApp.Droid.csproj", "{88260147-218A-425D-84D2-AD8895F31824}"
EndProject
Project("{FAE04EC0-301F-11D3-BF4B-00C04F79EFBC}") = "TodoApp.iOS", "TodoApp\TodoApp.iOS\TodoApp.iOS.csproj", "{3FD7C150-F993-49C1-8B80-C7ACE61FAF25}"
EndProject
Project("{FAE04EC0-301F-11D3-BF4B-00C04F79EFBC}") = "TodoApp.UWP", "TodoApp\TodoApp.UWP\TodoApp.UWP.csproj", "{67B9A03A-0457-4818-AE91-A00BCC6649AD}"
EndProject
Project("{9A19103F-16F7-4668-BE54-9A1E7A4F7556}") = "TodoApp.Wasm", "TodoApp\TodoApp.Wasm\TodoApp.Wasm.csproj", "{EB416AC1-7C0D-43AD-9658-FA39328B512E}"
EndProject
Global
	GlobalSection(SharedMSBuildProjectFiles) = preSolution
		TodoApp\TodoApp.Shared\TodoApp.Shared.projitems*{3fd7c150-f993-49c1-8b80-c7ace61faf25}*SharedItemsImports = 4
		TodoApp\TodoApp.Shared\TodoApp.Shared.projitems*{6279c845-92f8-4333-ab99-3d213163593c}*SharedItemsImports = 13
		TodoApp\TodoApp.Shared\TodoApp.Shared.projitems*{67b9a03a-0457-4818-ae91-a00bcc6649ad}*SharedItemsImports = 4
		TodoApp\TodoApp.Shared\TodoApp.Shared.projitems*{88260147-218a-425d-84d2-ad8895f31824}*SharedItemsImports = 4
	EndGlobalSection
	GlobalSection(SolutionConfigurationPlatforms) = preSolution
		Ad-Hoc|Any CPU = Ad-Hoc|Any CPU
		Ad-Hoc|ARM = Ad-Hoc|ARM
		Ad-Hoc|iPhone = Ad-Hoc|iPhone
		Ad-Hoc|iPhoneSimulator = Ad-Hoc|iPhoneSimulator
		Ad-Hoc|x64 = Ad-Hoc|x64
		Ad-Hoc|x86 = Ad-Hoc|x86
		AppStore|Any CPU = AppStore|Any CPU
		AppStore|ARM = AppStore|ARM
		AppStore|iPhone = AppStore|iPhone
		AppStore|iPhoneSimulator = AppStore|iPhoneSimulator
		AppStore|x64 = AppStore|x64
		AppStore|x86 = AppStore|x86
		Debug|Any CPU = Debug|Any CPU
		Debug|ARM = Debug|ARM
		Debug|iPhone = Debug|iPhone
		Debug|iPhoneSimulator = Debug|iPhoneSimulator
		Debug|x64 = Debug|x64
		Debug|x86 = Debug|x86
		Release|Any CPU = Release|Any CPU
		Release|ARM = Release|ARM
		Release|iPhone = Release|iPhone
		Release|iPhoneSimulator = Release|iPhoneSimulator
		Release|x64 = Release|x64
		Release|x86 = Release|x86
	EndGlobalSection
	GlobalSection(ProjectConfigurationPlatforms) = postSolution
		{88260147-218A-425D-84D2-AD8895F31824}.Ad-Hoc|Any CPU.ActiveCfg = Release|Any CPU
		{88260147-218A-425D-84D2-AD8895F31824}.Ad-Hoc|Any CPU.Build.0 = Release|Any CPU
		{88260147-218A-425D-84D2-AD8895F31824}.Ad-Hoc|Any CPU.Deploy.0 = Release|Any CPU
		{88260147-218A-425D-84D2-AD8895F31824}.Ad-Hoc|ARM.ActiveCfg = Release|Any CPU
		{88260147-218A-425D-84D2-AD8895F31824}.Ad-Hoc|ARM.Build.0 = Release|Any CPU
		{88260147-218A-425D-84D2-AD8895F31824}.Ad-Hoc|ARM.Deploy.0 = Release|Any CPU
		{88260147-218A-425D-84D2-AD8895F31824}.Ad-Hoc|iPhone.ActiveCfg = Release|Any CPU
		{88260147-218A-425D-84D2-AD8895F31824}.Ad-Hoc|iPhone.Build.0 = Release|Any CPU
		{88260147-218A-425D-84D2-AD8895F31824}.Ad-Hoc|iPhone.Deploy.0 = Release|Any CPU
		{88260147-218A-425D-84D2-AD8895F31824}.Ad-Hoc|iPhoneSimulator.ActiveCfg = Release|Any CPU
		{88260147-218A-425D-84D2-AD8895F31824}.Ad-Hoc|iPhoneSimulator.Build.0 = Release|Any CPU
		{88260147-218A-425D-84D2-AD8895F31824}.Ad-Hoc|iPhoneSimulator.Deploy.0 = Release|Any CPU
		{88260147-218A-425D-84D2-AD8895F31824}.Ad-Hoc|x64.ActiveCfg = Release|Any CPU
		{88260147-218A-425D-84D2-AD8895F31824}.Ad-Hoc|x64.Build.0 = Release|Any CPU
		{88260147-218A-425D-84D2-AD8895F31824}.Ad-Hoc|x64.Deploy.0 = Release|Any CPU
		{88260147-218A-425D-84D2-AD8895F31824}.Ad-Hoc|x86.ActiveCfg = Release|Any CPU
		{88260147-218A-425D-84D2-AD8895F31824}.Ad-Hoc|x86.Build.0 = Release|Any CPU
		{88260147-218A-425D-84D2-AD8895F31824}.Ad-Hoc|x86.Deploy.0 = Release|Any CPU
		{88260147-218A-425D-84D2-AD8895F31824}.AppStore|Any CPU.ActiveCfg = Release|Any CPU
		{88260147-218A-425D-84D2-AD8895F31824}.AppStore|Any CPU.Build.0 = Release|Any CPU
		{88260147-218A-425D-84D2-AD8895F31824}.AppStore|Any CPU.Deploy.0 = Release|Any CPU
		{88260147-218A-425D-84D2-AD8895F31824}.AppStore|ARM.ActiveCfg = Release|Any CPU
		{88260147-218A-425D-84D2-AD8895F31824}.AppStore|ARM.Build.0 = Release|Any CPU
		{88260147-218A-425D-84D2-AD8895F31824}.AppStore|ARM.Deploy.0 = Release|Any CPU
		{88260147-218A-425D-84D2-AD8895F31824}.AppStore|iPhone.ActiveCfg = Release|Any CPU
		{88260147-218A-425D-84D2-AD8895F31824}.AppStore|iPhone.Build.0 = Release|Any CPU
		{88260147-218A-425D-84D2-AD8895F31824}.AppStore|iPhone.Deploy.0 = Release|Any CPU
		{88260147-218A-425D-84D2-AD8895F31824}.AppStore|iPhoneSimulator.ActiveCfg = Release|Any CPU
		{88260147-218A-425D-84D2-AD8895F31824}.AppStore|iPhoneSimulator.Build.0 = Release|Any CPU
		{88260147-218A-425D-84D2-AD8895F31824}.AppStore|iPhoneSimulator.Deploy.0 = Release|Any CPU
		{88260147-218A-425D-84D2-AD8895F31824}.AppStore|x64.ActiveCfg = Release|Any CPU
		{88260147-218A-425D-84D2-AD8895F31824}.AppStore|x64.Build.0 = Release|Any CPU
		{88260147-218A-425D-84D2-AD8895F31824}.AppStore|x64.Deploy.0 = Release|Any CPU
		{88260147-218A-425D-84D2-AD8895F31824}.AppStore|x86.ActiveCfg = Release|Any CPU
		{88260147-218A-425D-84D2-AD8895F31824}.AppStore|x86.Build.0 = Release|Any CPU
		{88260147-218A-425D-84D2-AD8895F31824}.AppStore|x86.Deploy.0 = Release|Any CPU
		{88260147-218A-425D-84D2-AD8895F31824}.Debug|Any CPU.ActiveCfg = Debug|Any CPU
		{88260147-218A-425D-84D2-AD8895F31824}.Debug|Any CPU.Build.0 = Debug|Any CPU
		{88260147-218A-425D-84D2-AD8895F31824}.Debug|Any CPU.Deploy.0 = Debug|Any CPU
		{88260147-218A-425D-84D2-AD8895F31824}.Debug|ARM.ActiveCfg = Debug|Any CPU
		{88260147-218A-425D-84D2-AD8895F31824}.Debug|ARM.Build.0 = Debug|Any CPU
		{88260147-218A-425D-84D2-AD8895F31824}.Debug|ARM.Deploy.0 = Debug|Any CPU
		{88260147-218A-425D-84D2-AD8895F31824}.Debug|iPhone.ActiveCfg = Debug|Any CPU
		{88260147-218A-425D-84D2-AD8895F31824}.Debug|iPhone.Build.0 = Debug|Any CPU
		{88260147-218A-425D-84D2-AD8895F31824}.Debug|iPhone.Deploy.0 = Debug|Any CPU
		{88260147-218A-425D-84D2-AD8895F31824}.Debug|iPhoneSimulator.ActiveCfg = Debug|Any CPU
		{88260147-218A-425D-84D2-AD8895F31824}.Debug|iPhoneSimulator.Build.0 = Debug|Any CPU
		{88260147-218A-425D-84D2-AD8895F31824}.Debug|iPhoneSimulator.Deploy.0 = Debug|Any CPU
		{88260147-218A-425D-84D2-AD8895F31824}.Debug|x64.ActiveCfg = Debug|Any CPU
		{88260147-218A-425D-84D2-AD8895F31824}.Debug|x64.Build.0 = Debug|Any CPU
		{88260147-218A-425D-84D2-AD8895F31824}.Debug|x64.Deploy.0 = Debug|Any CPU
		{88260147-218A-425D-84D2-AD8895F31824}.Debug|x86.ActiveCfg = Debug|Any CPU
		{88260147-218A-425D-84D2-AD8895F31824}.Debug|x86.Build.0 = Debug|Any CPU
		{88260147-218A-425D-84D2-AD8895F31824}.Debug|x86.Deploy.0 = Debug|Any CPU
		{88260147-218A-425D-84D2-AD8895F31824}.Release|Any CPU.ActiveCfg = Release|Any CPU
		{88260147-218A-425D-84D2-AD8895F31824}.Release|Any CPU.Build.0 = Release|Any CPU
		{88260147-218A-425D-84D2-AD8895F31824}.Release|Any CPU.Deploy.0 = Release|Any CPU
		{88260147-218A-425D-84D2-AD8895F31824}.Release|ARM.ActiveCfg = Release|Any CPU
		{88260147-218A-425D-84D2-AD8895F31824}.Release|ARM.Build.0 = Release|Any CPU
		{88260147-218A-425D-84D2-AD8895F31824}.Release|ARM.Deploy.0 = Release|Any CPU
		{88260147-218A-425D-84D2-AD8895F31824}.Release|iPhone.ActiveCfg = Release|Any CPU
		{88260147-218A-425D-84D2-AD8895F31824}.Release|iPhone.Build.0 = Release|Any CPU
		{88260147-218A-425D-84D2-AD8895F31824}.Release|iPhone.Deploy.0 = Release|Any CPU
		{88260147-218A-425D-84D2-AD8895F31824}.Release|iPhoneSimulator.ActiveCfg = Release|Any CPU
		{88260147-218A-425D-84D2-AD8895F31824}.Release|iPhoneSimulator.Build.0 = Release|Any CPU
		{88260147-218A-425D-84D2-AD8895F31824}.Release|iPhoneSimulator.Deploy.0 = Release|Any CPU
		{88260147-218A-425D-84D2-AD8895F31824}.Release|x64.ActiveCfg = Release|Any CPU
		{88260147-218A-425D-84D2-AD8895F31824}.Release|x64.Build.0 = Release|Any CPU
		{88260147-218A-425D-84D2-AD8895F31824}.Release|x64.Deploy.0 = Release|Any CPU
		{88260147-218A-425D-84D2-AD8895F31824}.Release|x86.ActiveCfg = Release|Any CPU
		{88260147-218A-425D-84D2-AD8895F31824}.Release|x86.Build.0 = Release|Any CPU
		{88260147-218A-425D-84D2-AD8895F31824}.Release|x86.Deploy.0 = Release|Any CPU
		{3FD7C150-F993-49C1-8B80-C7ACE61FAF25}.Ad-Hoc|Any CPU.ActiveCfg = Ad-Hoc|iPhone
		{3FD7C150-F993-49C1-8B80-C7ACE61FAF25}.Ad-Hoc|ARM.ActiveCfg = Ad-Hoc|iPhone
		{3FD7C150-F993-49C1-8B80-C7ACE61FAF25}.Ad-Hoc|iPhone.ActiveCfg = Ad-Hoc|iPhone
		{3FD7C150-F993-49C1-8B80-C7ACE61FAF25}.Ad-Hoc|iPhone.Build.0 = Ad-Hoc|iPhone
		{3FD7C150-F993-49C1-8B80-C7ACE61FAF25}.Ad-Hoc|iPhoneSimulator.ActiveCfg = Ad-Hoc|iPhoneSimulator
		{3FD7C150-F993-49C1-8B80-C7ACE61FAF25}.Ad-Hoc|iPhoneSimulator.Build.0 = Ad-Hoc|iPhoneSimulator
		{3FD7C150-F993-49C1-8B80-C7ACE61FAF25}.Ad-Hoc|x64.ActiveCfg = Ad-Hoc|iPhone
		{3FD7C150-F993-49C1-8B80-C7ACE61FAF25}.Ad-Hoc|x86.ActiveCfg = Ad-Hoc|iPhone
		{3FD7C150-F993-49C1-8B80-C7ACE61FAF25}.AppStore|Any CPU.ActiveCfg = AppStore|iPhone
		{3FD7C150-F993-49C1-8B80-C7ACE61FAF25}.AppStore|ARM.ActiveCfg = AppStore|iPhone
		{3FD7C150-F993-49C1-8B80-C7ACE61FAF25}.AppStore|iPhone.ActiveCfg = AppStore|iPhone
		{3FD7C150-F993-49C1-8B80-C7ACE61FAF25}.AppStore|iPhone.Build.0 = AppStore|iPhone
		{3FD7C150-F993-49C1-8B80-C7ACE61FAF25}.AppStore|iPhoneSimulator.ActiveCfg = AppStore|iPhoneSimulator
		{3FD7C150-F993-49C1-8B80-C7ACE61FAF25}.AppStore|iPhoneSimulator.Build.0 = AppStore|iPhoneSimulator
		{3FD7C150-F993-49C1-8B80-C7ACE61FAF25}.AppStore|x64.ActiveCfg = AppStore|iPhone
		{3FD7C150-F993-49C1-8B80-C7ACE61FAF25}.AppStore|x86.ActiveCfg = AppStore|iPhone
		{3FD7C150-F993-49C1-8B80-C7ACE61FAF25}.Debug|Any CPU.ActiveCfg = Debug|iPhone
		{3FD7C150-F993-49C1-8B80-C7ACE61FAF25}.Debug|ARM.ActiveCfg = Debug|iPhone
		{3FD7C150-F993-49C1-8B80-C7ACE61FAF25}.Debug|iPhone.ActiveCfg = Debug|iPhone
		{3FD7C150-F993-49C1-8B80-C7ACE61FAF25}.Debug|iPhone.Build.0 = Debug|iPhone
		{3FD7C150-F993-49C1-8B80-C7ACE61FAF25}.Debug|iPhoneSimulator.ActiveCfg = Debug|iPhoneSimulator
		{3FD7C150-F993-49C1-8B80-C7ACE61FAF25}.Debug|iPhoneSimulator.Build.0 = Debug|iPhoneSimulator
		{3FD7C150-F993-49C1-8B80-C7ACE61FAF25}.Debug|x64.ActiveCfg = Debug|iPhone
		{3FD7C150-F993-49C1-8B80-C7ACE61FAF25}.Debug|x86.ActiveCfg = Debug|iPhone
		{3FD7C150-F993-49C1-8B80-C7ACE61FAF25}.Release|Any CPU.ActiveCfg = Release|iPhone
		{3FD7C150-F993-49C1-8B80-C7ACE61FAF25}.Release|ARM.ActiveCfg = Release|iPhone
		{3FD7C150-F993-49C1-8B80-C7ACE61FAF25}.Release|iPhone.ActiveCfg = Release|iPhone
		{3FD7C150-F993-49C1-8B80-C7ACE61FAF25}.Release|iPhone.Build.0 = Release|iPhone
		{3FD7C150-F993-49C1-8B80-C7ACE61FAF25}.Release|iPhoneSimulator.ActiveCfg = Release|iPhoneSimulator
		{3FD7C150-F993-49C1-8B80-C7ACE61FAF25}.Release|iPhoneSimulator.Build.0 = Release|iPhoneSimulator
		{3FD7C150-F993-49C1-8B80-C7ACE61FAF25}.Release|x64.ActiveCfg = Release|iPhone
		{3FD7C150-F993-49C1-8B80-C7ACE61FAF25}.Release|x86.ActiveCfg = Release|iPhone
		{67B9A03A-0457-4818-AE91-A00BCC6649AD}.Ad-Hoc|Any CPU.ActiveCfg = Release|x64
		{67B9A03A-0457-4818-AE91-A00BCC6649AD}.Ad-Hoc|Any CPU.Build.0 = Release|x64
		{67B9A03A-0457-4818-AE91-A00BCC6649AD}.Ad-Hoc|Any CPU.Deploy.0 = Release|x64
		{67B9A03A-0457-4818-AE91-A00BCC6649AD}.Ad-Hoc|ARM.ActiveCfg = Release|ARM
		{67B9A03A-0457-4818-AE91-A00BCC6649AD}.Ad-Hoc|ARM.Build.0 = Release|ARM
		{67B9A03A-0457-4818-AE91-A00BCC6649AD}.Ad-Hoc|ARM.Deploy.0 = Release|ARM
		{67B9A03A-0457-4818-AE91-A00BCC6649AD}.Ad-Hoc|iPhone.ActiveCfg = Release|x64
		{67B9A03A-0457-4818-AE91-A00BCC6649AD}.Ad-Hoc|iPhone.Build.0 = Release|x64
		{67B9A03A-0457-4818-AE91-A00BCC6649AD}.Ad-Hoc|iPhone.Deploy.0 = Release|x64
		{67B9A03A-0457-4818-AE91-A00BCC6649AD}.Ad-Hoc|iPhoneSimulator.ActiveCfg = Release|x64
		{67B9A03A-0457-4818-AE91-A00BCC6649AD}.Ad-Hoc|iPhoneSimulator.Build.0 = Release|x64
		{67B9A03A-0457-4818-AE91-A00BCC6649AD}.Ad-Hoc|iPhoneSimulator.Deploy.0 = Release|x64
		{67B9A03A-0457-4818-AE91-A00BCC6649AD}.Ad-Hoc|x64.ActiveCfg = Release|x64
		{67B9A03A-0457-4818-AE91-A00BCC6649AD}.Ad-Hoc|x64.Build.0 = Release|x64
		{67B9A03A-0457-4818-AE91-A00BCC6649AD}.Ad-Hoc|x64.Deploy.0 = Release|x64
		{67B9A03A-0457-4818-AE91-A00BCC6649AD}.Ad-Hoc|x86.ActiveCfg = Release|x86
		{67B9A03A-0457-4818-AE91-A00BCC6649AD}.Ad-Hoc|x86.Build.0 = Release|x86
		{67B9A03A-0457-4818-AE91-A00BCC6649AD}.Ad-Hoc|x86.Deploy.0 = Release|x86
		{67B9A03A-0457-4818-AE91-A00BCC6649AD}.AppStore|Any CPU.ActiveCfg = Release|x64
		{67B9A03A-0457-4818-AE91-A00BCC6649AD}.AppStore|Any CPU.Build.0 = Release|x64
		{67B9A03A-0457-4818-AE91-A00BCC6649AD}.AppStore|Any CPU.Deploy.0 = Release|x64
		{67B9A03A-0457-4818-AE91-A00BCC6649AD}.AppStore|ARM.ActiveCfg = Release|ARM
		{67B9A03A-0457-4818-AE91-A00BCC6649AD}.AppStore|ARM.Build.0 = Release|ARM
		{67B9A03A-0457-4818-AE91-A00BCC6649AD}.AppStore|ARM.Deploy.0 = Release|ARM
		{67B9A03A-0457-4818-AE91-A00BCC6649AD}.AppStore|iPhone.ActiveCfg = Release|x64
		{67B9A03A-0457-4818-AE91-A00BCC6649AD}.AppStore|iPhone.Build.0 = Release|x64
		{67B9A03A-0457-4818-AE91-A00BCC6649AD}.AppStore|iPhone.Deploy.0 = Release|x64
		{67B9A03A-0457-4818-AE91-A00BCC6649AD}.AppStore|iPhoneSimulator.ActiveCfg = Release|x64
		{67B9A03A-0457-4818-AE91-A00BCC6649AD}.AppStore|iPhoneSimulator.Build.0 = Release|x64
		{67B9A03A-0457-4818-AE91-A00BCC6649AD}.AppStore|iPhoneSimulator.Deploy.0 = Release|x64
		{67B9A03A-0457-4818-AE91-A00BCC6649AD}.AppStore|x64.ActiveCfg = Release|x64
		{67B9A03A-0457-4818-AE91-A00BCC6649AD}.AppStore|x64.Build.0 = Release|x64
		{67B9A03A-0457-4818-AE91-A00BCC6649AD}.AppStore|x64.Deploy.0 = Release|x64
		{67B9A03A-0457-4818-AE91-A00BCC6649AD}.AppStore|x86.ActiveCfg = Release|x86
		{67B9A03A-0457-4818-AE91-A00BCC6649AD}.AppStore|x86.Build.0 = Release|x86
		{67B9A03A-0457-4818-AE91-A00BCC6649AD}.AppStore|x86.Deploy.0 = Release|x86
		{67B9A03A-0457-4818-AE91-A00BCC6649AD}.Debug|Any CPU.ActiveCfg = Debug|x86
		{67B9A03A-0457-4818-AE91-A00BCC6649AD}.Debug|ARM.ActiveCfg = Debug|ARM
		{67B9A03A-0457-4818-AE91-A00BCC6649AD}.Debug|ARM.Build.0 = Debug|ARM
		{67B9A03A-0457-4818-AE91-A00BCC6649AD}.Debug|ARM.Deploy.0 = Debug|ARM
		{67B9A03A-0457-4818-AE91-A00BCC6649AD}.Debug|iPhone.ActiveCfg = Debug|x86
		{67B9A03A-0457-4818-AE91-A00BCC6649AD}.Debug|iPhoneSimulator.ActiveCfg = Debug|x86
		{67B9A03A-0457-4818-AE91-A00BCC6649AD}.Debug|x64.ActiveCfg = Debug|x64
		{67B9A03A-0457-4818-AE91-A00BCC6649AD}.Debug|x64.Build.0 = Debug|x64
		{67B9A03A-0457-4818-AE91-A00BCC6649AD}.Debug|x64.Deploy.0 = Debug|x64
		{67B9A03A-0457-4818-AE91-A00BCC6649AD}.Debug|x86.ActiveCfg = Debug|x86
		{67B9A03A-0457-4818-AE91-A00BCC6649AD}.Debug|x86.Build.0 = Debug|x86
		{67B9A03A-0457-4818-AE91-A00BCC6649AD}.Debug|x86.Deploy.0 = Debug|x86
		{67B9A03A-0457-4818-AE91-A00BCC6649AD}.Release|Any CPU.ActiveCfg = Release|x86
		{67B9A03A-0457-4818-AE91-A00BCC6649AD}.Release|ARM.ActiveCfg = Release|ARM
		{67B9A03A-0457-4818-AE91-A00BCC6649AD}.Release|ARM.Build.0 = Release|ARM
		{67B9A03A-0457-4818-AE91-A00BCC6649AD}.Release|ARM.Deploy.0 = Release|ARM
		{67B9A03A-0457-4818-AE91-A00BCC6649AD}.Release|iPhone.ActiveCfg = Release|x86
		{67B9A03A-0457-4818-AE91-A00BCC6649AD}.Release|iPhoneSimulator.ActiveCfg = Release|x86
		{67B9A03A-0457-4818-AE91-A00BCC6649AD}.Release|x64.ActiveCfg = Release|x64
		{67B9A03A-0457-4818-AE91-A00BCC6649AD}.Release|x64.Build.0 = Release|x64
		{67B9A03A-0457-4818-AE91-A00BCC6649AD}.Release|x64.Deploy.0 = Release|x64
		{67B9A03A-0457-4818-AE91-A00BCC6649AD}.Release|x86.ActiveCfg = Release|x86
		{67B9A03A-0457-4818-AE91-A00BCC6649AD}.Release|x86.Build.0 = Release|x86
		{67B9A03A-0457-4818-AE91-A00BCC6649AD}.Release|x86.Deploy.0 = Release|x86
		{EB416AC1-7C0D-43AD-9658-FA39328B512E}.Ad-Hoc|Any CPU.ActiveCfg = Debug|Any CPU
		{EB416AC1-7C0D-43AD-9658-FA39328B512E}.Ad-Hoc|Any CPU.Build.0 = Debug|Any CPU
		{EB416AC1-7C0D-43AD-9658-FA39328B512E}.Ad-Hoc|ARM.ActiveCfg = Debug|Any CPU
		{EB416AC1-7C0D-43AD-9658-FA39328B512E}.Ad-Hoc|ARM.Build.0 = Debug|Any CPU
		{EB416AC1-7C0D-43AD-9658-FA39328B512E}.Ad-Hoc|iPhone.ActiveCfg = Debug|Any CPU
		{EB416AC1-7C0D-43AD-9658-FA39328B512E}.Ad-Hoc|iPhone.Build.0 = Debug|Any CPU
		{EB416AC1-7C0D-43AD-9658-FA39328B512E}.Ad-Hoc|iPhoneSimulator.ActiveCfg = Debug|Any CPU
		{EB416AC1-7C0D-43AD-9658-FA39328B512E}.Ad-Hoc|iPhoneSimulator.Build.0 = Debug|Any CPU
		{EB416AC1-7C0D-43AD-9658-FA39328B512E}.Ad-Hoc|x64.ActiveCfg = Debug|Any CPU
		{EB416AC1-7C0D-43AD-9658-FA39328B512E}.Ad-Hoc|x64.Build.0 = Debug|Any CPU
		{EB416AC1-7C0D-43AD-9658-FA39328B512E}.Ad-Hoc|x86.ActiveCfg = Debug|Any CPU
		{EB416AC1-7C0D-43AD-9658-FA39328B512E}.Ad-Hoc|x86.Build.0 = Debug|Any CPU
		{EB416AC1-7C0D-43AD-9658-FA39328B512E}.AppStore|Any CPU.ActiveCfg = Debug|Any CPU
		{EB416AC1-7C0D-43AD-9658-FA39328B512E}.AppStore|Any CPU.Build.0 = Debug|Any CPU
		{EB416AC1-7C0D-43AD-9658-FA39328B512E}.AppStore|ARM.ActiveCfg = Debug|Any CPU
		{EB416AC1-7C0D-43AD-9658-FA39328B512E}.AppStore|ARM.Build.0 = Debug|Any CPU
		{EB416AC1-7C0D-43AD-9658-FA39328B512E}.AppStore|iPhone.ActiveCfg = Debug|Any CPU
		{EB416AC1-7C0D-43AD-9658-FA39328B512E}.AppStore|iPhone.Build.0 = Debug|Any CPU
		{EB416AC1-7C0D-43AD-9658-FA39328B512E}.AppStore|iPhoneSimulator.ActiveCfg = Debug|Any CPU
		{EB416AC1-7C0D-43AD-9658-FA39328B512E}.AppStore|iPhoneSimulator.Build.0 = Debug|Any CPU
		{EB416AC1-7C0D-43AD-9658-FA39328B512E}.AppStore|x64.ActiveCfg = Debug|Any CPU
		{EB416AC1-7C0D-43AD-9658-FA39328B512E}.AppStore|x64.Build.0 = Debug|Any CPU
		{EB416AC1-7C0D-43AD-9658-FA39328B512E}.AppStore|x86.ActiveCfg = Debug|Any CPU
		{EB416AC1-7C0D-43AD-9658-FA39328B512E}.AppStore|x86.Build.0 = Debug|Any CPU
		{EB416AC1-7C0D-43AD-9658-FA39328B512E}.Debug|Any CPU.ActiveCfg = Debug|Any CPU
		{EB416AC1-7C0D-43AD-9658-FA39328B512E}.Debug|Any CPU.Build.0 = Debug|Any CPU
		{EB416AC1-7C0D-43AD-9658-FA39328B512E}.Debug|ARM.ActiveCfg = Debug|Any CPU
		{EB416AC1-7C0D-43AD-9658-FA39328B512E}.Debug|ARM.Build.0 = Debug|Any CPU
		{EB416AC1-7C0D-43AD-9658-FA39328B512E}.Debug|iPhone.ActiveCfg = Debug|Any CPU
		{EB416AC1-7C0D-43AD-9658-FA39328B512E}.Debug|iPhone.Build.0 = Debug|Any CPU
		{EB416AC1-7C0D-43AD-9658-FA39328B512E}.Debug|iPhoneSimulator.ActiveCfg = Debug|Any CPU
		{EB416AC1-7C0D-43AD-9658-FA39328B512E}.Debug|iPhoneSimulator.Build.0 = Debug|Any CPU
		{EB416AC1-7C0D-43AD-9658-FA39328B512E}.Debug|x64.ActiveCfg = Debug|Any CPU
		{EB416AC1-7C0D-43AD-9658-FA39328B512E}.Debug|x64.Build.0 = Debug|Any CPU
		{EB416AC1-7C0D-43AD-9658-FA39328B512E}.Debug|x86.ActiveCfg = Debug|Any CPU
		{EB416AC1-7C0D-43AD-9658-FA39328B512E}.Debug|x86.Build.0 = Debug|Any CPU
		{EB416AC1-7C0D-43AD-9658-FA39328B512E}.Release|Any CPU.ActiveCfg = Release|Any CPU
		{EB416AC1-7C0D-43AD-9658-FA39328B512E}.Release|Any CPU.Build.0 = Release|Any CPU
		{EB416AC1-7C0D-43AD-9658-FA39328B512E}.Release|ARM.ActiveCfg = Release|Any CPU
		{EB416AC1-7C0D-43AD-9658-FA39328B512E}.Release|ARM.Build.0 = Release|Any CPU
		{EB416AC1-7C0D-43AD-9658-FA39328B512E}.Release|iPhone.ActiveCfg = Release|Any CPU
		{EB416AC1-7C0D-43AD-9658-FA39328B512E}.Release|iPhone.Build.0 = Release|Any CPU
		{EB416AC1-7C0D-43AD-9658-FA39328B512E}.Release|iPhoneSimulator.ActiveCfg = Release|Any CPU
		{EB416AC1-7C0D-43AD-9658-FA39328B512E}.Release|iPhoneSimulator.Build.0 = Release|Any CPU
		{EB416AC1-7C0D-43AD-9658-FA39328B512E}.Release|x64.ActiveCfg = Release|Any CPU
		{EB416AC1-7C0D-43AD-9658-FA39328B512E}.Release|x64.Build.0 = Release|Any CPU
		{EB416AC1-7C0D-43AD-9658-FA39328B512E}.Release|x86.ActiveCfg = Release|Any CPU
		{EB416AC1-7C0D-43AD-9658-FA39328B512E}.Release|x86.Build.0 = Release|Any CPU
	EndGlobalSection
	GlobalSection(SolutionProperties) = preSolution
		HideSolutionNode = FALSE
	EndGlobalSection
	GlobalSection(ExtensibilityGlobals) = postSolution
		SolutionGuid = {007C507A-1B6C-4DCC-B1BF-27704584DB79}
	EndGlobalSection
EndGlobal
